# This file is autogenerated, do not edit; changes may be undone by the next 'dep ensure'.


[[projects]]
  name = "github.com/openfaas-incubator/connector-sdk"
  packages = ["types"]
  revision = "d722c9f72ad06903f416d1bc89878ba5a824b227"
  version = "0.3.1"

[[projects]]
  name = "github.com/openfaas-incubator/cron-connector"
  packages = ["types"]
  revision = "18d3865b530052ad080e74108bb8852967542b1e"
  version = "0.3.1"

[[projects]]
  name = "github.com/openfaas/faas"
  packages = ["gateway/requests"]
  revision = "a65df4795bc66147c41161c48bfd4c72f60c7434"
  version = "0.9.14"

[[projects]]
  name = "github.com/openfaas/faas-provider"
  packages = ["auth"]
  revision = "220324e98f5db5aa61f02d1ab13f03e91310796c"
  version = "0.8.1"

[[projects]]
  name = "github.com/pkg/errors"
  packages = ["."]
  revision = "ba968bfe8b2f7e042a574c888954fccecfa385b4"
  version = "v0.8.1"

[[projects]]
  branch = "v2"
  name = "gopkg.in/robfig/cron.v2"
  packages = ["."]
  revision = "be2e0b0deed5a68ffee390b4583a13aff8321535"

[solve-meta]
  analyzer-name = "dep"
  analyzer-version = 1
  inputs-digest = "0dc11938c4836bab8237e36790de2c562277df123546d847f353f58ac4534a77"
  solver-name = "gps-cdcl"
  solver-version = 1
